<?xml version="1.0" encoding="utf-8"?>
<Project ToolsVersion="4.0" xmlns="http://schemas.microsoft.com/developer/msbuild/2003">
  <ItemGroup>
    <Filter Include="Source Files">
      <UniqueIdentifier>{4FC737F1-C7A5-4376-A066-2A32D752A2FF}</UniqueIdentifier>
      <Extensions>cpp;c;cc;cxx;def;odl;idl;hpj;bat;asm;asmx</Extensions>
    </Filter>
    <Filter Include="Header Files">
      <UniqueIdentifier>{93995380-89BD-4b04-88EB-625FBE52EBFB}</UniqueIdentifier>
      <Extensions>h;hh;hpp;hxx;hm;inl;inc;ipp;xsd</Extensions>
    </Filter>
    <Filter Include="Resource Files">
      <UniqueIdentifier>{67DA6AB6-F800-4c08-8B7A-83BB121AAD01}</UniqueIdentifier>
      <Extensions>rc;ico;cur;bmp;dlg;rc2;rct;bin;rgs;gif;jpg;jpeg;jpe;resx;tiff;tif;png;wav;mfcribbon-ms</Extensions>
    </Filter>
    <Filter Include="Source Files\testcase">
      <UniqueIdentifier>{46de1b93-3c66-4fc5-9126-4ecf6cda90e1}</UniqueIdentifier>
    </Filter>
    <Filter Include="Header Files\testcase">
      <UniqueIdentifier>{f3b6e5da-88dd-43d1-9b67-87f4c34de3a3}</UniqueIdentifier>
    </Filter>
  </ItemGroup>
  <ItemGroup>
    <ClInclude Include="OccupancyMap.h">
      <Filter>Header Files</Filter>
    </ClInclude>
    <ClInclude Include="ParkingLot.h">
      <Filter>Header Files</Filter>
    </ClInclude>
    <ClInclude Include="PNG.h">
      <Filter>Header Files</Filter>
    </ClInclude>
    <ClInclude Include="RGBAPixel.h">
      <Filter>Header Files</Filter>
    </ClInclude>
    <ClInclude Include="Vehicle.h">
      <Filter>Header Files</Filter>
    </ClInclude>
    <ClInclude Include="lodepng\lodepng.h">
      <Filter>Header Files</Filter>
    </ClInclude>
    <ClInclude Include="Visualization.h">
      <Filter>Header Files</Filter>
    </ClInclude>
    <ClInclude Include="Simulator.h">
      <Filter>Header Files</Filter>
    </ClInclude>
    <ClInclude Include="DataRecorder.h">
      <Filter>Header Files</Filter>
    </ClInclude>
    <ClInclude Include="BenchmarkGenerator.h">
      <Filter>Header Files</Filter>
    </ClInclude>
    <ClInclude Include="BenchmarkSolver.h">
      <Filter>Header Files</Filter>
    </ClInclude>
    <ClInclude Include="test7.h">
      <Filter>Header Files\testcase</Filter>
    </ClInclude>
    <ClInclude Include="test9.h">
      <Filter>Header Files\testcase</Filter>
    </ClInclude>
    <ClInclude Include="GoalAssignor.h">
      <Filter>Header Files</Filter>
    </ClInclude>
    <ClInclude Include="Planner.h">
      <Filter>Header Files</Filter>
    </ClInclude>
    <ClInclude Include="test1.h">
      <Filter>Header Files\testcase</Filter>
    </ClInclude>
  </ItemGroup>
  <ItemGroup>
    <ClCompile Include="OccupancyMap.cpp">
      <Filter>Source Files</Filter>
    </ClCompile>
    <ClCompile Include="ParkingLot.cpp">
      <Filter>Source Files</Filter>
    </ClCompile>
    <ClCompile Include="PNG.cpp">
      <Filter>Source Files</Filter>
    </ClCompile>
    <ClCompile Include="RGBAPixel.cpp">
      <Filter>Source Files</Filter>
    </ClCompile>
    <ClCompile Include="Vehicle.cpp">
      <Filter>Source Files</Filter>
    </ClCompile>
    <ClCompile Include="lodepng\lodepng.cpp">
      <Filter>Source Files</Filter>
    </ClCompile>
    <ClCompile Include="main.cpp">
      <Filter>Source Files</Filter>
    </ClCompile>
    <ClCompile Include="Visualization.cpp">
      <Filter>Source Files</Filter>
    </ClCompile>
    <ClCompile Include="Simulator.cpp">
      <Filter>Source Files</Filter>
    </ClCompile>
    <ClCompile Include="DataRecorder.cpp">
      <Filter>Source Files</Filter>
    </ClCompile>
    <ClCompile Include="BenchmarkGenerator.cpp">
      <Filter>Source Files</Filter>
    </ClCompile>
    <ClCompile Include="BenchmarkSolver.cpp">
      <Filter>Source Files</Filter>
    </ClCompile>
    <ClCompile Include="test7.cpp">
      <Filter>Source Files\testcase</Filter>
    </ClCompile>
    <ClCompile Include="test9.cpp">
      <Filter>Source Files\testcase</Filter>
    </ClCompile>
    <ClCompile Include="GoalAssignor.cpp">
      <Filter>Source Files</Filter>
    </ClCompile>
    <ClCompile Include="Planner.cpp">
      <Filter>Source Files</Filter>
    </ClCompile>
    <ClCompile Include="test1.cpp">
      <Filter>Source Files\testcase</Filter>
    </ClCompile>
  </ItemGroup>
</Project>